
Microsoft Visual Studio Solution File, Format Version 12.00
# Visual Studio Version 16
VisualStudioVersion = 16.0.31129.286
MinimumVisualStudioVersion = 10.0.40219.1
Project("{FAE04EC0-301F-11D3-BF4B-00C04F79EFBC}") = "PrototypeInheritance", "PrototypeInheritance\PrototypeInheritance.csproj", "{30746FF6-F384-4A1F-B597-4C831D763B92}"
EndProject
Global
	GlobalSection(SolutionConfigurationPlatforms) = preSolution
		Debug|Any CPU = Debug|Any CPU
		Release|Any CPU = Release|Any CPU
	EndGlobalSection
	GlobalSection(ProjectConfigurationPlatforms) = postSolution
		{30746FF6-F384-4A1F-B597-4C831D763B92}.Debug|Any CPU.ActiveCfg = Debug|Any CPU
		{30746FF6-F384-4A1F-B597-4C831D763B92}.Debug|Any CPU.Build.0 = Debug|Any CPU
		{30746FF6-F384-4A1F-B597-4C831D763B92}.Release|Any CPU.ActiveCfg = Release|Any CPU
		{30746FF6-F384-4A1F-B597-4C831D763B92}.Release|Any CPU.Build.0 = Release|Any CPU
	EndGlobalSection
	GlobalSection(SolutionProperties) = preSolution
		HideSolutionNode = FALSE
	EndGlobalSection
	GlobalSection(ExtensibilityGlobals) = postSolution
		SolutionGuid = {0391B66A-586A-4D88-AB4F-0D96B61902D6}
	EndGlobalSection
EndGlobal
